
Microsoft Visual Studio Solution File, Format Version 12.00
# Visual Studio 15
VisualStudioVersion = 15.0.27130.0
MinimumVisualStudioVersion = 10.0.40219.1
Project("{FAE04EC0-301F-11D3-BF4B-00C04F79EFBC}") = "CodeCord", "CodeCord\CodeCord.csproj", "{1B59ABDA-366E-4098-B800-92A9C439E29A}"
EndProject
Global
	GlobalSection(SolutionConfigurationPlatforms) = preSolution
		Debug|Any CPU = Debug|Any CPU
		Release|Any CPU = Release|Any CPU
	EndGlobalSection
	GlobalSection(ProjectConfigurationPlatforms) = postSolution
		{1B59ABDA-366E-4098-B800-92A9C439E29A}.Debug|Any CPU.ActiveCfg = Debug|Any CPU
		{1B59ABDA-366E-4098-B800-92A9C439E29A}.Debug|Any CPU.Build.0 = Debug|Any CPU
		{1B59ABDA-366E-4098-B800-92A9C439E29A}.Release|Any CPU.ActiveCfg = Release|Any CPU
		{1B59ABDA-366E-4098-B800-92A9C439E29A}.Release|Any CPU.Build.0 = Release|Any CPU
	EndGlobalSection
	GlobalSection(SolutionProperties) = preSolution
		HideSolutionNode = FALSE
	EndGlobalSection
	GlobalSection(ExtensibilityGlobals) = postSolution
		SolutionGuid = {ECB6DC0A-93B4-4821-8748-6A2407E8C100}
	EndGlobalSection
EndGlobal
